
Microsoft Visual Studio Solution File, Format Version 12.00
# Visual Studio 14
VisualStudioVersion = 14.0.23107.0
MinimumVisualStudioVersion = 10.0.40219.1
Project("{00D1A9C2-B5F0-4AF3-8072-F6C62B433612}") = "DatabaseProject_UESL", "DatabaseProject_UESL\DatabaseProject_UESL.sqlproj", "{C82D9846-66C8-467D-929B-4EE470B0CDE9}"
EndProject
Project("{FAE04EC0-301F-11D3-BF4B-00C04F79EFBC}") = "WebApplication_UESL", "WebApplication_UESL\WebApplication_UESL.csproj", "{462B867B-F70D-4951-B4A8-FB6E06966CB6}"
EndProject
Global
	GlobalSection(SolutionConfigurationPlatforms) = preSolution
		Debug|Any CPU = Debug|Any CPU
		Release|Any CPU = Release|Any CPU
	EndGlobalSection
	GlobalSection(ProjectConfigurationPlatforms) = postSolution
		{C82D9846-66C8-467D-929B-4EE470B0CDE9}.Debug|Any CPU.ActiveCfg = Debug|Any CPU
		{C82D9846-66C8-467D-929B-4EE470B0CDE9}.Debug|Any CPU.Build.0 = Debug|Any CPU
		{C82D9846-66C8-467D-929B-4EE470B0CDE9}.Debug|Any CPU.Deploy.0 = Debug|Any CPU
		{C82D9846-66C8-467D-929B-4EE470B0CDE9}.Release|Any CPU.ActiveCfg = Release|Any CPU
		{C82D9846-66C8-467D-929B-4EE470B0CDE9}.Release|Any CPU.Build.0 = Release|Any CPU
		{C82D9846-66C8-467D-929B-4EE470B0CDE9}.Release|Any CPU.Deploy.0 = Release|Any CPU
		{462B867B-F70D-4951-B4A8-FB6E06966CB6}.Debug|Any CPU.ActiveCfg = Debug|Any CPU
		{462B867B-F70D-4951-B4A8-FB6E06966CB6}.Debug|Any CPU.Build.0 = Debug|Any CPU
		{462B867B-F70D-4951-B4A8-FB6E06966CB6}.Release|Any CPU.ActiveCfg = Release|Any CPU
		{462B867B-F70D-4951-B4A8-FB6E06966CB6}.Release|Any CPU.Build.0 = Release|Any CPU
	EndGlobalSection
	GlobalSection(SolutionProperties) = preSolution
		HideSolutionNode = FALSE
	EndGlobalSection
EndGlobal
